
Microsoft Visual Studio Solution File, Format Version 12.00
# Visual Studio Version 17
VisualStudioVersion = 17.9.34616.47
MinimumVisualStudioVersion = 10.0.40219.1
Project("{9A19103F-16F7-4668-BE54-9A1E7A4F7556}") = "Task1", "PractWork1\Task1.csproj", "{57A417B1-6BF9-48D6-A7AB-7F16B8EAE3D0}"
EndProject
Project("{FAE04EC0-301F-11D3-BF4B-00C04F79EFBC}") = "Task2", "Task2\Task2.csproj", "{5A9B506D-7FC1-4079-931E-2F866C71DE3B}"
EndProject
Project("{FAE04EC0-301F-11D3-BF4B-00C04F79EFBC}") = "Task3", "Task3\Task3.csproj", "{FB7F3738-6FE7-49B8-BA58-0BCD89B9332A}"
EndProject
Global
	GlobalSection(SolutionConfigurationPlatforms) = preSolution
		Debug|Any CPU = Debug|Any CPU
		Release|Any CPU = Release|Any CPU
	EndGlobalSection
	GlobalSection(ProjectConfigurationPlatforms) = postSolution
		{57A417B1-6BF9-48D6-A7AB-7F16B8EAE3D0}.Debug|Any CPU.ActiveCfg = Debug|Any CPU
		{57A417B1-6BF9-48D6-A7AB-7F16B8EAE3D0}.Debug|Any CPU.Build.0 = Debug|Any CPU
		{57A417B1-6BF9-48D6-A7AB-7F16B8EAE3D0}.Release|Any CPU.ActiveCfg = Release|Any CPU
		{57A417B1-6BF9-48D6-A7AB-7F16B8EAE3D0}.Release|Any CPU.Build.0 = Release|Any CPU
		{5A9B506D-7FC1-4079-931E-2F866C71DE3B}.Debug|Any CPU.ActiveCfg = Debug|Any CPU
		{5A9B506D-7FC1-4079-931E-2F866C71DE3B}.Debug|Any CPU.Build.0 = Debug|Any CPU
		{5A9B506D-7FC1-4079-931E-2F866C71DE3B}.Release|Any CPU.ActiveCfg = Release|Any CPU
		{5A9B506D-7FC1-4079-931E-2F866C71DE3B}.Release|Any CPU.Build.0 = Release|Any CPU
		{FB7F3738-6FE7-49B8-BA58-0BCD89B9332A}.Debug|Any CPU.ActiveCfg = Debug|Any CPU
		{FB7F3738-6FE7-49B8-BA58-0BCD89B9332A}.Debug|Any CPU.Build.0 = Debug|Any CPU
		{FB7F3738-6FE7-49B8-BA58-0BCD89B9332A}.Release|Any CPU.ActiveCfg = Release|Any CPU
		{FB7F3738-6FE7-49B8-BA58-0BCD89B9332A}.Release|Any CPU.Build.0 = Release|Any CPU
	EndGlobalSection
	GlobalSection(SolutionProperties) = preSolution
		HideSolutionNode = FALSE
	EndGlobalSection
	GlobalSection(ExtensibilityGlobals) = postSolution
		SolutionGuid = {5D2CF9B3-6CEC-4758-9B2F-116D3D723385}
	EndGlobalSection
EndGlobal
